Microsoft Visual Studio Solution File, Format Version 12.00
# Visual Studio Version 17
VisualStudioVersion = 17.5.2.0
MinimumVisualStudioVersion = 10.0.40219.1
Project("{FAE04EC0-301F-11D3-BF4B-00C04F79EFBC}") = "Lumeo.Desktop", "Lumeo.Desktop.csproj", "{17253E07-E523-081C-63CB-102F92AEC14A}"
EndProject
Global
	GlobalSection(SolutionConfigurationPlatforms) = preSolution
		Debug|Any CPU = Debug|Any CPU
		Release|Any CPU = Release|Any CPU
	EndGlobalSection
	GlobalSection(ProjectConfigurationPlatforms) = postSolution
		{17253E07-E523-081C-63CB-102F92AEC14A}.Debug|Any CPU.ActiveCfg = Debug|Any CPU
		{17253E07-E523-081C-63CB-102F92AEC14A}.Debug|Any CPU.Build.0 = Debug|Any CPU
		{17253E07-E523-081C-63CB-102F92AEC14A}.Release|Any CPU.ActiveCfg = Release|Any CPU
		{17253E07-E523-081C-63CB-102F92AEC14A}.Release|Any CPU.Build.0 = Release|Any CPU
	EndGlobalSection
	GlobalSection(SolutionProperties) = preSolution
		HideSolutionNode = FALSE
	EndGlobalSection
	GlobalSection(ExtensibilityGlobals) = postSolution
		SolutionGuid = {343BA3C4-95A6-417E-8A32-66F52DF69059}
	EndGlobalSection
EndGlobal
